
Microsoft Visual Studio Solution File, Format Version 12.00
# Visual Studio Version 16
VisualStudioVersion = 16.0.30711.63
MinimumVisualStudioVersion = 10.0.40219.1
Project("{888888A0-9F3D-457C-B088-3A5042F75D52}") = "tic_tac_toe3", "tic_tac_toe3\tic_tac_toe3.pyproj", "{15374D63-E6ED-4770-8508-D8484A69E14E}"
EndProject
Global
	GlobalSection(SolutionConfigurationPlatforms) = preSolution
		Debug|Any CPU = Debug|Any CPU
		Release|Any CPU = Release|Any CPU
	EndGlobalSection
	GlobalSection(ProjectConfigurationPlatforms) = postSolution
		{15374D63-E6ED-4770-8508-D8484A69E14E}.Debug|Any CPU.ActiveCfg = Debug|Any CPU
		{15374D63-E6ED-4770-8508-D8484A69E14E}.Release|Any CPU.ActiveCfg = Release|Any CPU
	EndGlobalSection
	GlobalSection(SolutionProperties) = preSolution
		HideSolutionNode = FALSE
	EndGlobalSection
	GlobalSection(ExtensibilityGlobals) = postSolution
		SolutionGuid = {2266ECEA-D1EE-4EEB-9D10-63C00E1163EA}
	EndGlobalSection
EndGlobal
